Microsoft Visual Studio Solution File, Format Version 12.00
# Visual Studio Version 17
VisualStudioVersion = 17.5.2.0
MinimumVisualStudioVersion = 10.0.40219.1
Project("{2150E333-8FDC-42A3-9474-1A3956D46DE8}") = "packages", "packages", "{809F86A1-1C4C-B159-0CD4-DF9D33D876CE}"
EndProject
Project("{FAE04EC0-301F-11D3-BF4B-00C04F79EFBC}") = "dotnet-ssr-engine", "packages\dotnet-ssr-engine\dotnet-ssr-engine.csproj", "{4144AAE9-D1B2-A19E-0A12-2E75D27738CE}"
EndProject
Global
	GlobalSection(SolutionConfigurationPlatforms) = preSolution
		Debug|Any CPU = Debug|Any CPU
		Release|Any CPU = Release|Any CPU
	EndGlobalSection
	GlobalSection(ProjectConfigurationPlatforms) = postSolution
		{4144AAE9-D1B2-A19E-0A12-2E75D27738CE}.Debug|Any CPU.ActiveCfg = Debug|Any CPU
		{4144AAE9-D1B2-A19E-0A12-2E75D27738CE}.Debug|Any CPU.Build.0 = Debug|Any CPU
		{4144AAE9-D1B2-A19E-0A12-2E75D27738CE}.Release|Any CPU.ActiveCfg = Release|Any CPU
		{4144AAE9-D1B2-A19E-0A12-2E75D27738CE}.Release|Any CPU.Build.0 = Release|Any CPU
	EndGlobalSection
	GlobalSection(SolutionProperties) = preSolution
		HideSolutionNode = FALSE
	EndGlobalSection
	GlobalSection(NestedProjects) = preSolution
		{4144AAE9-D1B2-A19E-0A12-2E75D27738CE} = {809F86A1-1C4C-B159-0CD4-DF9D33D876CE}
	EndGlobalSection
	GlobalSection(ExtensibilityGlobals) = postSolution
		SolutionGuid = {60A3FEC3-073E-4FB7-86AC-9F6E3C8DC50E}
	EndGlobalSection
EndGlobal
